// !$*UTF8*$!
{
	archiveVersion = 1;
	classes = {
	};
	objectVersion = 55;
	objects = {

/* Begin PBXBuildFile section */
		B4FA747B2817B6F30097AD1C /* AppDelegate.swift in Sources */ = {isa = PBXBuildFile; fileRef = B4FA747A2817B6F30097AD1C /* AppDelegate.swift */; };
		B4FA747D2817B6F30097AD1C /* SceneDelegate.swift in Sources */ = {isa = PBXBuildFile; fileRef = B4FA747C2817B6F30097AD1C /* SceneDelegate.swift */; };
		B4FA747F2817B6F30097AD1C /* ViewController.swift in Sources */ = {isa = PBXBuildFile; fileRef = B4FA747E2817B6F30097AD1C /* ViewController.swift */; };
		B4FA74822817B6F30097AD1C /* Main.storyboard in Resources */ = {isa = PBXBuildFile; fileRef = B4FA74802817B6F30097AD1C /* Main.storyboard */; };
		B4FA74842817B6F60097AD1C /* Assets.xcassets in Resources */ = {isa = PBXBuildFile; fileRef = B4FA74832817B6F60097AD1C /* Assets.xcassets */; };
		B4FA74872817B6F60097AD1C /* LaunchScreen.storyboard in Resources */ = {isa = PBXBuildFile; fileRef = B4FA74852817B6F60097AD1C /* LaunchScreen.storyboard */; };
		B4FA74922817B6F70097AD1C /* ChatApp_SampleTests.swift in Sources */ = {isa = PBXBuildFile; fileRef = B4FA74912817B6F70097AD1C /* ChatApp_SampleTests.swift */; };
		B4FA749C2817B6F70097AD1C /* ChatApp_SampleUITests.swift in Sources */ = {isa = PBXBuildFile; fileRef = B4FA749B2817B6F70097AD1C /* ChatApp_SampleUITests.swift */; };
		B4FA749E2817B6F70097AD1C /* ChatApp_SampleUITestsLaunchTests.swift in Sources */ = {isa = PBXBuildFile; fileRef = B4FA749D2817B6F70097AD1C /* ChatApp_SampleUITestsLaunchTests.swift */; };
		B4FA74AC2817B74A0097AD1C /* PKHUD in Frameworks */ = {isa = PBXBuildFile; productRef = B4FA74AB2817B74A0097AD1C /* PKHUD */; };
		B4FA74AF2817B75A0097AD1C /* Nuke in Frameworks */ = {isa = PBXBuildFile; productRef = B4FA74AE2817B75A0097AD1C /* Nuke */; };
		B4FA74B32817B9C90097AD1C /* FirebaseAnalytics in Frameworks */ = {isa = PBXBuildFile; productRef = B4FA74B22817B9C90097AD1C /* FirebaseAnalytics */; };
		B4FA74B52817B9C90097AD1C /* FirebaseAnalyticsSwift-Beta in Frameworks */ = {isa = PBXBuildFile; productRef = B4FA74B42817B9C90097AD1C /* FirebaseAnalyticsSwift-Beta */; };
		B4FA74B72817B9C90097AD1C /* FirebaseAnalyticsWithoutAdIdSupport in Frameworks */ = {isa = PBXBuildFile; productRef = B4FA74B62817B9C90097AD1C /* FirebaseAnalyticsWithoutAdIdSupport */; };
		B4FA74B92817B9C90097AD1C /* FirebaseAppCheck in Frameworks */ = {isa = PBXBuildFile; productRef = B4FA74B82817B9C90097AD1C /* FirebaseAppCheck */; };
		B4FA74BB2817B9C90097AD1C /* FirebaseAppDistribution-Beta in Frameworks */ = {isa = PBXBuildFile; productRef = B4FA74BA2817B9C90097AD1C /* FirebaseAppDistribution-Beta */; };
		B4FA74BD2817B9C90097AD1C /* FirebaseAuth in Frameworks */ = {isa = PBXBuildFile; productRef = B4FA74BC2817B9C90097AD1C /* FirebaseAuth */; };
		B4FA74BF2817B9C90097AD1C /* FirebaseAuthCombine-Community in Frameworks */ = {isa = PBXBuildFile; productRef = B4FA74BE2817B9C90097AD1C /* FirebaseAuthCombine-Community */; };
		B4FA74C12817B9C90097AD1C /* FirebaseCrashlytics in Frameworks */ = {isa = PBXBuildFile; productRef = B4FA74C02817B9C90097AD1C /* FirebaseCrashlytics */; };
		B4FA74C32817B9C90097AD1C /* FirebaseDatabase in Frameworks */ = {isa = PBXBuildFile; productRef = B4FA74C22817B9C90097AD1C /* FirebaseDatabase */; };
		B4FA74C52817B9C90097AD1C /* FirebaseDatabaseSwift-Beta in Frameworks */ = {isa = PBXBuildFile; productRef = B4FA74C42817B9C90097AD1C /* FirebaseDatabaseSwift-Beta */; };
		B4FA74C72817B9C90097AD1C /* FirebaseDynamicLinks in Frameworks */ = {isa = PBXBuildFile; productRef = B4FA74C62817B9C90097AD1C /* FirebaseDynamicLinks */; };
		B4FA74C92817B9C90097AD1C /* FirebaseFirestore in Frameworks */ = {isa = PBXBuildFile; productRef = B4FA74C82817B9C90097AD1C /* FirebaseFirestore */; };
		B4FA74CB2817B9C90097AD1C /* FirebaseFirestoreCombine-Community in Frameworks */ = {isa = PBXBuildFile; productRef = B4FA74CA2817B9C90097AD1C /* FirebaseFirestoreCombine-Community */; };
		B4FA74CD2817B9C90097AD1C /* FirebaseFirestoreSwift-Beta in Frameworks */ = {isa = PBXBuildFile; productRef = B4FA74CC2817B9C90097AD1C /* FirebaseFirestoreSwift-Beta */; };
		B4FA74CF2817B9C90097AD1C /* FirebaseFunctions in Frameworks */ = {isa = PBXBuildFile; productRef = B4FA74CE2817B9C90097AD1C /* FirebaseFunctions */; };
		B4FA74D12817B9C90097AD1C /* FirebaseFunctionsCombine-Community in Frameworks */ = {isa = PBXBuildFile; productRef = B4FA74D02817B9C90097AD1C /* FirebaseFunctionsCombine-Community */; };
		B4FA74D32817B9C90097AD1C /* FirebaseFunctionsSwift-Beta in Frameworks */ = {isa = PBXBuildFile; productRef = B4FA74D22817B9C90097AD1C /* FirebaseFunctionsSwift-Beta */; };
		B4FA74D52817B9C90097AD1C /* FirebaseInAppMessaging-Beta in Frameworks */ = {isa = PBXBuildFile; productRef = B4FA74D42817B9C90097AD1C /* FirebaseInAppMessaging-Beta */; };
		B4FA74D72817B9C90097AD1C /* FirebaseInAppMessagingSwift-Beta in Frameworks */ = {isa = PBXBuildFile; productRef = B4FA74D62817B9C90097AD1C /* FirebaseInAppMessagingSwift-Beta */; };
		B4FA74D92817B9CA0097AD1C /* FirebaseInstallations in Frameworks */ = {isa = PBXBuildFile; productRef = B4FA74D82817B9CA0097AD1C /* FirebaseInstallations */; };
		B4FA74DB2817B9CA0097AD1C /* FirebaseMLModelDownloader in Frameworks */ = {isa = PBXBuildFile; productRef = B4FA74DA2817B9CA0097AD1C /* FirebaseMLModelDownloader */; };
		B4FA74DD2817B9CA0097AD1C /* FirebaseMessaging in Frameworks */ = {isa = PBXBuildFile; productRef = B4FA74DC2817B9CA0097AD1C /* FirebaseMessaging */; };
		B4FA74DF2817B9CA0097AD1C /* FirebasePerformance in Frameworks */ = {isa = PBXBuildFile; productRef = B4FA74DE2817B9CA0097AD1C /* FirebasePerformance */; };
		B4FA74E12817B9CA0097AD1C /* FirebaseRemoteConfig in Frameworks */ = {isa = PBXBuildFile; productRef = B4FA74E02817B9CA0097AD1C /* FirebaseRemoteConfig */; };
		B4FA74E32817B9CA0097AD1C /* FirebaseRemoteConfigSwift-Beta in Frameworks */ = {isa = PBXBuildFile; productRef = B4FA74E22817B9CA0097AD1C /* FirebaseRemoteConfigSwift-Beta */; };
		B4FA74E52817B9CA0097AD1C /* FirebaseStorage in Frameworks */ = {isa = PBXBuildFile; productRef = B4FA74E42817B9CA0097AD1C /* FirebaseStorage */; };
		B4FA74E72817B9CA0097AD1C /* FirebaseStorageCombine-Community in Frameworks */ = {isa = PBXBuildFile; productRef = B4FA74E62817B9CA0097AD1C /* FirebaseStorageCombine-Community */; };
		B4FA74E92817B9CA0097AD1C /* FirebaseStorageSwift-Beta in Frameworks */ = {isa = PBXBuildFile; productRef = B4FA74E82817B9CA0097AD1C /* FirebaseStorageSwift-Beta */; };
/* End PBXBuildFile section */

/* Begin PBXContainerItemProxy section */
		B4FA748E2817B6F70097AD1C /* PBXContainerItemProxy */ = {
			isa = PBXContainerItemProxy;
			containerPortal = B4FA746F2817B6F30097AD1C /* Project object */;
			proxyType = 1;
			remoteGlobalIDString = B4FA74762817B6F30097AD1C;
			remoteInfo = "ChatApp-Sample";
		};
		B4FA74982817B6F70097AD1C /* PBXContainerItemProxy */ = {
			isa = PBXContainerItemProxy;
			containerPortal = B4FA746F2817B6F30097AD1C /* Project object */;
			proxyType = 1;
			remoteGlobalIDString = B4FA74762817B6F30097AD1C;
			remoteInfo = "ChatApp-Sample";
		};
/* End PBXContainerItemProxy section */

/* Begin PBXFileReference section */
		B4FA74772817B6F30097AD1C /* ChatApp-Sample.app */ = {isa = PBXFileReference; explicitFileType = wrapper.application; includeInIndex = 0; path = "ChatApp-Sample.app"; sourceTree = BUILT_PRODUCTS_DIR; };
		B4FA747A2817B6F30097AD1C /* AppDelegate.swift */ = {isa = PBXFileReference; lastKnownFileType = sourcecode.swift; path = AppDelegate.swift; sourceTree = "<group>"; };
		B4FA747C2817B6F30097AD1C /* SceneDelegate.swift */ = {isa = PBXFileReference; lastKnownFileType = sourcecode.swift; path = SceneDelegate.swift; sourceTree = "<group>"; };
		B4FA747E2817B6F30097AD1C /* ViewController.swift */ = {isa = PBXFileReference; lastKnownFileType = sourcecode.swift; path = ViewController.swift; sourceTree = "<group>"; };
		B4FA74812817B6F30097AD1C /* Base */ = {isa = PBXFileReference; lastKnownFileType = file.storyboard; name = Base; path = Base.lproj/Main.storyboard; sourceTree = "<group>"; };
		B4FA74832817B6F60097AD1C /* Assets.xcassets */ = {isa = PBXFileReference; lastKnownFileType = folder.assetcatalog; path = Assets.xcassets; sourceTree = "<group>"; };
		B4FA74862817B6F60097AD1C /* Base */ = {isa = PBXFileReference; lastKnownFileType = file.storyboard; name = Base; path = Base.lproj/LaunchScreen.storyboard; sourceTree = "<group>"; };
		B4FA74882817B6F60097AD1C /* Info.plist */ = {isa = PBXFileReference; lastKnownFileType = text.plist.xml; path = Info.plist; sourceTree = "<group>"; };
		B4FA748D2817B6F70097AD1C /* ChatApp-SampleTests.xctest */ = {isa = PBXFileReference; explicitFileType = wrapper.cfbundle; includeInIndex = 0; path = "ChatApp-SampleTests.xctest"; sourceTree = BUILT_PRODUCTS_DIR; };
		B4FA74912817B6F70097AD1C /* ChatApp_SampleTests.swift */ = {isa = PBXFileReference; lastKnownFileType = sourcecode.swift; path = ChatApp_SampleTests.swift; sourceTree = "<group>"; };
		B4FA74972817B6F70097AD1C /* ChatApp-SampleUITests.xctest */ = {isa = PBXFileReference; explicitFileType = wrapper.cfbundle; includeInIndex = 0; path = "ChatApp-SampleUITests.xctest"; sourceTree = BUILT_PRODUCTS_DIR; };
		B4FA749B2817B6F70097AD1C /* ChatApp_SampleUITests.swift */ = {isa = PBXFileReference; lastKnownFileType = sourcecode.swift; path = ChatApp_SampleUITests.swift; sourceTree = "<group>"; };
		B4FA749D2817B6F70097AD1C /* ChatApp_SampleUITestsLaunchTests.swift */ = {isa = PBXFileReference; lastKnownFileType = sourcecode.swift; path = ChatApp_SampleUITestsLaunchTests.swift; sourceTree = "<group>"; };
/* End PBXFileReference section */

/* Begin PBXFrameworksBuildPhase section */
		B4FA74742817B6F30097AD1C /* Frameworks */ = {
			isa = PBXFrameworksBuildPhase;
			buildActionMask = 2147483647;
			files = (
				B4FA74DD2817B9CA0097AD1C /* FirebaseMessaging in Frameworks */,
				B4FA74CF2817B9C90097AD1C /* FirebaseFunctions in Frameworks */,
				B4FA74BB2817B9C90097AD1C /* FirebaseAppDistribution-Beta in Frameworks */,
				B4FA74BF2817B9C90097AD1C /* FirebaseAuthCombine-Community in Frameworks */,
				B4FA74AC2817B74A0097AD1C /* PKHUD in Frameworks */,
				B4FA74E92817B9CA0097AD1C /* FirebaseStorageSwift-Beta in Frameworks */,
				B4FA74CB2817B9C90097AD1C /* FirebaseFirestoreCombine-Community in Frameworks */,
				B4FA74B72817B9C90097AD1C /* FirebaseAnalyticsWithoutAdIdSupport in Frameworks */,
				B4FA74CD2817B9C90097AD1C /* FirebaseFirestoreSwift-Beta in Frameworks */,
				B4FA74AF2817B75A0097AD1C /* Nuke in Frameworks */,
				B4FA74B52817B9C90097AD1C /* FirebaseAnalyticsSwift-Beta in Frameworks */,
				B4FA74E32817B9CA0097AD1C /* FirebaseRemoteConfigSwift-Beta in Frameworks */,
				B4FA74DB2817B9CA0097AD1C /* FirebaseMLModelDownloader in Frameworks */,
				B4FA74C52817B9C90097AD1C /* FirebaseDatabaseSwift-Beta in Frameworks */,
				B4FA74B92817B9C90097AD1C /* FirebaseAppCheck in Frameworks */,
				B4FA74D92817B9CA0097AD1C /* FirebaseInstallations in Frameworks */,
				B4FA74D12817B9C90097AD1C /* FirebaseFunctionsCombine-Community in Frameworks */,
				B4FA74C12817B9C90097AD1C /* FirebaseCrashlytics in Frameworks */,
				B4FA74C32817B9C90097AD1C /* FirebaseDatabase in Frameworks */,
				B4FA74DF2817B9CA0097AD1C /* FirebasePerformance in Frameworks */,
				B4FA74B32817B9C90097AD1C /* FirebaseAnalytics in Frameworks */,
				B4FA74D32817B9C90097AD1C /* FirebaseFunctionsSwift-Beta in Frameworks */,
				B4FA74D72817B9C90097AD1C /* FirebaseInAppMessagingSwift-Beta in Frameworks */,
				B4FA74BD2817B9C90097AD1C /* FirebaseAuth in Frameworks */,
				B4FA74C72817B9C90097AD1C /* FirebaseDynamicLinks in Frameworks */,
				B4FA74E12817B9CA0097AD1C /* FirebaseRemoteConfig in Frameworks */,
				B4FA74E52817B9CA0097AD1C /* FirebaseStorage in Frameworks */,
				B4FA74C92817B9C90097AD1C /* FirebaseFirestore in Frameworks */,
				B4FA74E72817B9CA0097AD1C /* FirebaseStorageCombine-Community in Frameworks */,
				B4FA74D52817B9C90097AD1C /* FirebaseInAppMessaging-Beta in Frameworks */,
			);
			runOnlyForDeploymentPostprocessing = 0;
		};
		B4FA748A2817B6F70097AD1C /* Frameworks */ = {
			isa = PBXFrameworksBuildPhase;
			buildActionMask = 2147483647;
			files = (
			);
			runOnlyForDeploymentPostprocessing = 0;
		};
		B4FA74942817B6F70097AD1C /* Frameworks */ = {
			isa = PBXFrameworksBuildPhase;
			buildActionMask = 2147483647;
			files = (
			);
			runOnlyForDeploymentPostprocessing = 0;
		};
/* End PBXFrameworksBuildPhase section */

/* Begin PBXGroup section */
		B4FA746E2817B6F30097AD1C = {
			isa = PBXGroup;
			children = (
				B4FA74792817B6F30097AD1C /* ChatApp-Sample */,
				B4FA74902817B6F70097AD1C /* ChatApp-SampleTests */,
				B4FA749A2817B6F70097AD1C /* ChatApp-SampleUITests */,
				B4FA74782817B6F30097AD1C /* Products */,
			);
			sourceTree = "<group>";
		};
		B4FA74782817B6F30097AD1C /* Products */ = {
			isa = PBXGroup;
			children = (
				B4FA74772817B6F30097AD1C /* ChatApp-Sample.app */,
				B4FA748D2817B6F70097AD1C /* ChatApp-SampleTests.xctest */,
				B4FA74972817B6F70097AD1C /* ChatApp-SampleUITests.xctest */,
			);
			name = Products;
			sourceTree = "<group>";
		};
		B4FA74792817B6F30097AD1C /* ChatApp-Sample */ = {
			isa = PBXGroup;
			children = (
				B4FA747A2817B6F30097AD1C /* AppDelegate.swift */,
				B4FA747C2817B6F30097AD1C /* SceneDelegate.swift */,
				B4FA747E2817B6F30097AD1C /* ViewController.swift */,
				B4FA74802817B6F30097AD1C /* Main.storyboard */,
				B4FA74832817B6F60097AD1C /* Assets.xcassets */,
				B4FA74852817B6F60097AD1C /* LaunchScreen.storyboard */,
				B4FA74882817B6F60097AD1C /* Info.plist */,
			);
			path = "ChatApp-Sample";
			sourceTree = "<group>";
		};
		B4FA74902817B6F70097AD1C /* ChatApp-SampleTests */ = {
			isa = PBXGroup;
			children = (
				B4FA74912817B6F70097AD1C /* ChatApp_SampleTests.swift */,
			);
			path = "ChatApp-SampleTests";
			sourceTree = "<group>";
		};
		B4FA749A2817B6F70097AD1C /* ChatApp-SampleUITests */ = {
			isa = PBXGroup;
			children = (
				B4FA749B2817B6F70097AD1C /* ChatApp_SampleUITests.swift */,
				B4FA749D2817B6F70097AD1C /* ChatApp_SampleUITestsLaunchTests.swift */,
			);
			path = "ChatApp-SampleUITests";
			sourceTree = "<group>";
		};
/* End PBXGroup section */

/* Begin PBXNativeTarget section */
		B4FA74762817B6F30097AD1C /* ChatApp-Sample */ = {
			isa = PBXNativeTarget;
			buildConfigurationList = B4FA74A12817B6F70097AD1C /* Build configuration list for PBXNativeTarget "ChatApp-Sample" */;
			buildPhases = (
				B4FA74732817B6F30097AD1C /* Sources */,
				B4FA74742817B6F30097AD1C /* Frameworks */,
				B4FA74752817B6F30097AD1C /* Resources */,
			);
			buildRules = (
			);
			dependencies = (
			);
			name = "ChatApp-Sample";
			packageProductDependencies = (
				B4FA74AB2817B74A0097AD1C /* PKHUD */,
				B4FA74AE2817B75A0097AD1C /* Nuke */,
				B4FA74B22817B9C90097AD1C /* FirebaseAnalytics */,
				B4FA74B42817B9C90097AD1C /* FirebaseAnalyticsSwift-Beta */,
				B4FA74B62817B9C90097AD1C /* FirebaseAnalyticsWithoutAdIdSupport */,
				B4FA74B82817B9C90097AD1C /* FirebaseAppCheck */,
				B4FA74BA2817B9C90097AD1C /* FirebaseAppDistribution-Beta */,
				B4FA74BC2817B9C90097AD1C /* FirebaseAuth */,
				B4FA74BE2817B9C90097AD1C /* FirebaseAuthCombine-Community */,
				B4FA74C02817B9C90097AD1C /* FirebaseCrashlytics */,
				B4FA74C22817B9C90097AD1C /* FirebaseDatabase */,
				B4FA74C42817B9C90097AD1C /* FirebaseDatabaseSwift-Beta */,
				B4FA74C62817B9C90097AD1C /* FirebaseDynamicLinks */,
				B4FA74C82817B9C90097AD1C /* FirebaseFirestore */,
				B4FA74CA2817B9C90097AD1C /* FirebaseFirestoreCombine-Community */,
				B4FA74CC2817B9C90097AD1C /* FirebaseFirestoreSwift-Beta */,
				B4FA74CE2817B9C90097AD1C /* FirebaseFunctions */,
				B4FA74D02817B9C90097AD1C /* FirebaseFunctionsCombine-Community */,
				B4FA74D22817B9C90097AD1C /* FirebaseFunctionsSwift-Beta */,
				B4FA74D42817B9C90097AD1C /* FirebaseInAppMessaging-Beta */,
				B4FA74D62817B9C90097AD1C /* FirebaseInAppMessagingSwift-Beta */,
				B4FA74D82817B9CA0097AD1C /* FirebaseInstallations */,
				B4FA74DA2817B9CA0097AD1C /* FirebaseMLModelDownloader */,
				B4FA74DC2817B9CA0097AD1C /* FirebaseMessaging */,
				B4FA74DE2817B9CA0097AD1C /* FirebasePerformance */,
				B4FA74E02817B9CA0097AD1C /* FirebaseRemoteConfig */,
				B4FA74E22817B9CA0097AD1C /* FirebaseRemoteConfigSwift-Beta */,
				B4FA74E42817B9CA0097AD1C /* FirebaseStorage */,
				B4FA74E62817B9CA0097AD1C /* FirebaseStorageCombine-Community */,
				B4FA74E82817B9CA0097AD1C /* FirebaseStorageSwift-Beta */,
			);
			productName = "ChatApp-Sample";
			productReference = B4FA74772817B6F30097AD1C /* ChatApp-Sample.app */;
			productType = "com.apple.product-type.application";
		};
		B4FA748C2817B6F70097AD1C /* ChatApp-SampleTests */ = {
			isa = PBXNativeTarget;
			buildConfigurationList = B4FA74A42817B6F70097AD1C /* Build configuration list for PBXNativeTarget "ChatApp-SampleTests" */;
			buildPhases = (
				B4FA74892817B6F70097AD1C /* Sources */,
				B4FA748A2817B6F70097AD1C /* Frameworks */,
				B4FA748B2817B6F70097AD1C /* Resources */,
			);
			buildRules = (
			);
			dependencies = (
				B4FA748F2817B6F70097AD1C /* PBXTargetDependency */,
			);
			name = "ChatApp-SampleTests";
			productName = "ChatApp-SampleTests";
			productReference = B4FA748D2817B6F70097AD1C /* ChatApp-SampleTests.xctest */;
			productType = "com.apple.product-type.bundle.unit-test";
		};
		B4FA74962817B6F70097AD1C /* ChatApp-SampleUITests */ = {
			isa = PBXNativeTarget;
			buildConfigurationList = B4FA74A72817B6F70097AD1C /* Build configuration list for PBXNativeTarget "ChatApp-SampleUITests" */;
			buildPhases = (
				B4FA74932817B6F70097AD1C /* Sources */,
				B4FA74942817B6F70097AD1C /* Frameworks */,
				B4FA74952817B6F70097AD1C /* Resources */,
			);
			buildRules = (
			);
			dependencies = (
				B4FA74992817B6F70097AD1C /* PBXTargetDependency */,
			);
			name = "ChatApp-SampleUITests";
			productName = "ChatApp-SampleUITests";
			productReference = B4FA74972817B6F70097AD1C /* ChatApp-SampleUITests.xctest */;
			productType = "com.apple.product-type.bundle.ui-testing";
		};
/* End PBXNativeTarget section */

/* Begin PBXProject section */
		B4FA746F2817B6F30097AD1C /* Project object */ = {
			isa = PBXProject;
			attributes = {
				BuildIndependentTargetsInParallel = 1;
				LastSwiftUpdateCheck = 1320;
				LastUpgradeCheck = 1320;
				TargetAttributes = {
					B4FA74762817B6F30097AD1C = {
						CreatedOnToolsVersion = 13.2.1;
					};
					B4FA748C2817B6F70097AD1C = {
						CreatedOnToolsVersion = 13.2.1;
						TestTargetID = B4FA74762817B6F30097AD1C;
					};
					B4FA74962817B6F70097AD1C = {
						CreatedOnToolsVersion = 13.2.1;
						TestTargetID = B4FA74762817B6F30097AD1C;
					};
				};
			};
			buildConfigurationList = B4FA74722817B6F30097AD1C /* Build configuration list for PBXProject "ChatApp-Sample" */;
			compatibilityVersion = "Xcode 13.0";
			developmentRegion = en;
			hasScannedForEncodings = 0;
			knownRegions = (
				en,
				Base,
			);
			mainGroup = B4FA746E2817B6F30097AD1C;
			packageReferences = (
				B4FA74AA2817B74A0097AD1C /* XCRemoteSwiftPackageReference "PKHUD" */,
				B4FA74AD2817B75A0097AD1C /* XCRemoteSwiftPackageReference "Nuke" */,
				B4FA74B12817B9C90097AD1C /* XCRemoteSwiftPackageReference "firebase-ios-sdk" */,
			);
			productRefGroup = B4FA74782817B6F30097AD1C /* Products */;
			projectDirPath = "";
			projectRoot = "";
			targets = (
				B4FA74762817B6F30097AD1C /* ChatApp-Sample */,
				B4FA748C2817B6F70097AD1C /* ChatApp-SampleTests */,
				B4FA74962817B6F70097AD1C /* ChatApp-SampleUITests */,
			);
		};
/* End PBXProject section */

/* Begin PBXResourcesBuildPhase section */
		B4FA74752817B6F30097AD1C /* Resources */ = {
			isa = PBXResourcesBuildPhase;
			buildActionMask = 2147483647;
			files = (
				B4FA74872817B6F60097AD1C /* LaunchScreen.storyboard in Resources */,
				B4FA74842817B6F60097AD1C /* Assets.xcassets in Resources */,
				B4FA74822817B6F30097AD1C /* Main.storyboard in Resources */,
			);
			runOnlyForDeploymentPostprocessing = 0;
		};
		B4FA748B2817B6F70097AD1C /* Resources */ = {
			isa = PBXResourcesBuildPhase;
			buildActionMask = 2147483647;
			files = (
			);
			runOnlyForDeploymentPostprocessing = 0;
		};
		B4FA74952817B6F70097AD1C /* Resources */ = {
			isa = PBXResourcesBuildPhase;
			buildActionMask = 2147483647;
			files = (
			);
			runOnlyForDeploymentPostprocessing = 0;
		};
/* End PBXResourcesBuildPhase section */

/* Begin PBXSourcesBuildPhase section */
		B4FA74732817B6F30097AD1C /* Sources */ = {
			isa = PBXSourcesBuildPhase;
			buildActionMask = 2147483647;
			files = (
				B4FA747F2817B6F30097AD1C /* ViewController.swift in Sources */,
				B4FA747B2817B6F30097AD1C /* AppDelegate.swift in Sources */,
				B4FA747D2817B6F30097AD1C /* SceneDelegate.swift in Sources */,
			);
			runOnlyForDeploymentPostprocessing = 0;
		};
		B4FA74892817B6F70097AD1C /* Sources */ = {
			isa = PBXSourcesBuildPhase;
			buildActionMask = 2147483647;
			files = (
				B4FA74922817B6F70097AD1C /* ChatApp_SampleTests.swift in Sources */,
			);
			runOnlyForDeploymentPostprocessing = 0;
		};
		B4FA74932817B6F70097AD1C /* Sources */ = {
			isa = PBXSourcesBuildPhase;
			buildActionMask = 2147483647;
			files = (
				B4FA749E2817B6F70097AD1C /* ChatApp_SampleUITestsLaunchTests.swift in Sources */,
				B4FA749C2817B6F70097AD1C /* ChatApp_SampleUITests.swift in Sources */,
			);
			runOnlyForDeploymentPostprocessing = 0;
		};
/* End PBXSourcesBuildPhase section */

/* Begin PBXTargetDependency section */
		B4FA748F2817B6F70097AD1C /* PBXTargetDependency */ = {
			isa = PBXTargetDependency;
			target = B4FA74762817B6F30097AD1C /* ChatApp-Sample */;
			targetProxy = B4FA748E2817B6F70097AD1C /* PBXContainerItemProxy */;
		};
		B4FA74992817B6F70097AD1C /* PBXTargetDependency */ = {
			isa = PBXTargetDependency;
			target = B4FA74762817B6F30097AD1C /* ChatApp-Sample */;
			targetProxy = B4FA74982817B6F70097AD1C /* PBXContainerItemProxy */;
		};
/* End PBXTargetDependency section */

/* Begin PBXVariantGroup section */
		B4FA74802817B6F30097AD1C /* Main.storyboard */ = {
			isa = PBXVariantGroup;
			children = (
				B4FA74812817B6F30097AD1C /* Base */,
			);
			name = Main.storyboard;
			sourceTree = "<group>";
		};
		B4FA74852817B6F60097AD1C /* LaunchScreen.storyboard */ = {
			isa = PBXVariantGroup;
			children = (
				B4FA74862817B6F60097AD1C /* Base */,
			);
			name = LaunchScreen.storyboard;
			sourceTree = "<group>";
		};
/* End PBXVariantGroup section */

/* Begin XCBuildConfiguration section */
		B4FA749F2817B6F70097AD1C /* Debug */ = {
			isa = XCBuildConfiguration;
			buildSettings = {
				ALWAYS_SEARCH_USER_PATHS = NO;
				CLANG_ANALYZER_NONNULL = YES;
				CLANG_ANALYZER_NUMBER_OBJECT_CONVERSION = YES_AGGRESSIVE;
				CLANG_CXX_LANGUAGE_STANDARD = "gnu++17";
				CLANG_CXX_LIBRARY = "libc++";
				CLANG_ENABLE_MODULES = YES;
				CLANG_ENABLE_OBJC_ARC = YES;
				CLANG_ENABLE_OBJC_WEAK = YES;
				CLANG_WARN_BLOCK_CAPTURE_AUTORELEASING = YES;
				CLANG_WARN_BOOL_CONVERSION = YES;
				CLANG_WARN_COMMA = YES;
				CLANG_WARN_CONSTANT_CONVERSION = YES;
				CLANG_WARN_DEPRECATED_OBJC_IMPLEMENTATIONS = YES;
				CLANG_WARN_DIRECT_OBJC_ISA_USAGE = YES_ERROR;
				CLANG_WARN_DOCUMENTATION_COMMENTS = YES;
				CLANG_WARN_EMPTY_BODY = YES;
				CLANG_WARN_ENUM_CONVERSION = YES;
				CLANG_WARN_INFINITE_RECURSION = YES;
				CLANG_WARN_INT_CONVERSION = YES;
				CLANG_WARN_NON_LITERAL_NULL_CONVERSION = YES;
				CLANG_WARN_OBJC_IMPLICIT_RETAIN_SELF = YES;
				CLANG_WARN_OBJC_LITERAL_CONVERSION = YES;
				CLANG_WARN_OBJC_ROOT_CLASS = YES_ERROR;
				CLANG_WARN_QUOTED_INCLUDE_IN_FRAMEWORK_HEADER = YES;
				CLANG_WARN_RANGE_LOOP_ANALYSIS = YES;
				CLANG_WARN_STRICT_PROTOTYPES = YES;
				CLANG_WARN_SUSPICIOUS_MOVE = YES;
				CLANG_WARN_UNGUARDED_AVAILABILITY = YES_AGGRESSIVE;
				CLANG_WARN_UNREACHABLE_CODE = YES;
				CLANG_WARN__DUPLICATE_METHOD_MATCH = YES;
				COPY_PHASE_STRIP = NO;
				DEBUG_INFORMATION_FORMAT = dwarf;
				ENABLE_STRICT_OBJC_MSGSEND = YES;
				ENABLE_TESTABILITY = YES;
				GCC_C_LANGUAGE_STANDARD = gnu11;
				GCC_DYNAMIC_NO_PIC = NO;
				GCC_NO_COMMON_BLOCKS = YES;
				GCC_OPTIMIZATION_LEVEL = 0;
				GCC_PREPROCESSOR_DEFINITIONS = (
					"DEBUG=1",
					"$(inherited)",
				);
				GCC_WARN_64_TO_32_BIT_CONVERSION = YES;
				GCC_WARN_ABOUT_RETURN_TYPE = YES_ERROR;
				GCC_WARN_UNDECLARED_SELECTOR = YES;
				GCC_WARN_UNINITIALIZED_AUTOS = YES_AGGRESSIVE;
				GCC_WARN_UNUSED_FUNCTION = YES;
				GCC_WARN_UNUSED_VARIABLE = YES;
				IPHONEOS_DEPLOYMENT_TARGET = 15.2;
				MTL_ENABLE_DEBUG_INFO = INCLUDE_SOURCE;
				MTL_FAST_MATH = YES;
				ONLY_ACTIVE_ARCH = YES;
				SDKROOT = iphoneos;
				SWIFT_ACTIVE_COMPILATION_CONDITIONS = DEBUG;
				SWIFT_OPTIMIZATION_LEVEL = "-Onone";
			};
			name = Debug;
		};
		B4FA74A02817B6F70097AD1C /* Release */ = {
			isa = XCBuildConfiguration;
			buildSettings = {
				ALWAYS_SEARCH_USER_PATHS = NO;
				CLANG_ANALYZER_NONNULL = YES;
				CLANG_ANALYZER_NUMBER_OBJECT_CONVERSION = YES_AGGRESSIVE;
				CLANG_CXX_LANGUAGE_STANDARD = "gnu++17";
				CLANG_CXX_LIBRARY = "libc++";
				CLANG_ENABLE_MODULES = YES;
				CLANG_ENABLE_OBJC_ARC = YES;
				CLANG_ENABLE_OBJC_WEAK = YES;
				CLANG_WARN_BLOCK_CAPTURE_AUTORELEASING = YES;
				CLANG_WARN_BOOL_CONVERSION = YES;
				CLANG_WARN_COMMA = YES;
				CLANG_WARN_CONSTANT_CONVERSION = YES;
				CLANG_WARN_DEPRECATED_OBJC_IMPLEMENTATIONS = YES;
				CLANG_WARN_DIRECT_OBJC_ISA_USAGE = YES_ERROR;
				CLANG_WARN_DOCUMENTATION_COMMENTS = YES;
				CLANG_WARN_EMPTY_BODY = YES;
				CLANG_WARN_ENUM_CONVERSION = YES;
				CLANG_WARN_INFINITE_RECURSION = YES;
				CLANG_WARN_INT_CONVERSION = YES;
				CLANG_WARN_NON_LITERAL_NULL_CONVERSION = YES;
				CLANG_WARN_OBJC_IMPLICIT_RETAIN_SELF = YES;
				CLANG_WARN_OBJC_LITERAL_CONVERSION = YES;
				CLANG_WARN_OBJC_ROOT_CLASS = YES_ERROR;
				CLANG_WARN_QUOTED_INCLUDE_IN_FRAMEWORK_HEADER = YES;
				CLANG_WARN_RANGE_LOOP_ANALYSIS = YES;
				CLANG_WARN_STRICT_PROTOTYPES = YES;
				CLANG_WARN_SUSPICIOUS_MOVE = YES;
				CLANG_WARN_UNGUARDED_AVAILABILITY = YES_AGGRESSIVE;
				CLANG_WARN_UNREACHABLE_CODE = YES;
				CLANG_WARN__DUPLICATE_METHOD_MATCH = YES;
				COPY_PHASE_STRIP = NO;
				DEBUG_INFORMATION_FORMAT = "dwarf-with-dsym";
				ENABLE_NS_ASSERTIONS = NO;
				ENABLE_STRICT_OBJC_MSGSEND = YES;
				GCC_C_LANGUAGE_STANDARD = gnu11;
				GCC_NO_COMMON_BLOCKS = YES;
				GCC_WARN_64_TO_32_BIT_CONVERSION = YES;
				GCC_WARN_ABOUT_RETURN_TYPE = YES_ERROR;
				GCC_WARN_UNDECLARED_SELECTOR = YES;
				GCC_WARN_UNINITIALIZED_AUTOS = YES_AGGRESSIVE;
				GCC_WARN_UNUSED_FUNCTION = YES;
				GCC_WARN_UNUSED_VARIABLE = YES;
				IPHONEOS_DEPLOYMENT_TARGET = 15.2;
				MTL_ENABLE_DEBUG_INFO = NO;
				MTL_FAST_MATH = YES;
				SDKROOT = iphoneos;
				SWIFT_COMPILATION_MODE = wholemodule;
				SWIFT_OPTIMIZATION_LEVEL = "-O";
				VALIDATE_PRODUCT = YES;
			};
			name = Release;
		};
		B4FA74A22817B6F70097AD1C /* Debug */ = {
			isa = XCBuildConfiguration;
			buildSettings = {
				ASSETCATALOG_COMPILER_APPICON_NAME = AppIcon;
				ASSETCATALOG_COMPILER_GLOBAL_ACCENT_COLOR_NAME = AccentColor;
				CODE_SIGN_STYLE = Automatic;
				CURRENT_PROJECT_VERSION = 1;
				GENERATE_INFOPLIST_FILE = YES;
				INFOPLIST_FILE = "ChatApp-Sample/Info.plist";
				INFOPLIST_KEY_UIApplicationSupportsIndirectInputEvents = YES;
				INFOPLIST_KEY_UILaunchStoryboardName = LaunchScreen;
				INFOPLIST_KEY_UIMainStoryboardFile = Main;
				INFOPLIST_KEY_UISupportedInterfaceOrientations_iPad = "UIInterfaceOrientationPortrait UIInterfaceOrientationPortraitUpsideDown UIInterfaceOrientationLandscapeLeft UIInterfaceOrientationLandscapeRight";
				INFOPLIST_KEY_UISupportedInterfaceOrientations_iPhone = "UIInterfaceOrientationPortrait UIInterfaceOrientationLandscapeLeft UIInterfaceOrientationLandscapeRight";
				LD_RUNPATH_SEARCH_PATHS = (
					"$(inherited)",
					"@executable_path/Frameworks",
				);
				MARKETING_VERSION = 1.0;
				PRODUCT_BUNDLE_IDENTIFIER = "swift-tk.ChatApp-Sample";
				PRODUCT_NAME = "$(TARGET_NAME)";
				SWIFT_EMIT_LOC_STRINGS = YES;
				SWIFT_VERSION = 5.0;
				TARGETED_DEVICE_FAMILY = "1,2";
			};
			name = Debug;
		};
		B4FA74A32817B6F70097AD1C /* Release */ = {
			isa = XCBuildConfiguration;
			buildSettings = {
				ASSETCATALOG_COMPILER_APPICON_NAME = AppIcon;
				ASSETCATALOG_COMPILER_GLOBAL_ACCENT_COLOR_NAME = AccentColor;
				CODE_SIGN_STYLE = Automatic;
				CURRENT_PROJECT_VERSION = 1;
				GENERATE_INFOPLIST_FILE = YES;
				INFOPLIST_FILE = "ChatApp-Sample/Info.plist";
				INFOPLIST_KEY_UIApplicationSupportsIndirectInputEvents = YES;
				INFOPLIST_KEY_UILaunchStoryboardName = LaunchScreen;
				INFOPLIST_KEY_UIMainStoryboardFile = Main;
				INFOPLIST_KEY_UISupportedInterfaceOrientations_iPad = "UIInterfaceOrientationPortrait UIInterfaceOrientationPortraitUpsideDown UIInterfaceOrientationLandscapeLeft UIInterfaceOrientationLandscapeRight";
				INFOPLIST_KEY_UISupportedInterfaceOrientations_iPhone = "UIInterfaceOrientationPortrait UIInterfaceOrientationLandscapeLeft UIInterfaceOrientationLandscapeRight";
				LD_RUNPATH_SEARCH_PATHS = (
					"$(inherited)",
					"@executable_path/Frameworks",
				);
				MARKETING_VERSION = 1.0;
				PRODUCT_BUNDLE_IDENTIFIER = "swift-tk.ChatApp-Sample";
				PRODUCT_NAME = "$(TARGET_NAME)";
				SWIFT_EMIT_LOC_STRINGS = YES;
				SWIFT_VERSION = 5.0;
				TARGETED_DEVICE_FAMILY = "1,2";
			};
			name = Release;
		};
		B4FA74A52817B6F70097AD1C /* Debug */ = {
			isa = XCBuildConfiguration;
			buildSettings = {
				ALWAYS_EMBED_SWIFT_STANDARD_LIBRARIES = YES;
				BUNDLE_LOADER = "$(TEST_HOST)";
				CODE_SIGN_STYLE = Automatic;
				CURRENT_PROJECT_VERSION = 1;
				GENERATE_INFOPLIST_FILE = YES;
				IPHONEOS_DEPLOYMENT_TARGET = 15.2;
				MARKETING_VERSION = 1.0;
				PRODUCT_BUNDLE_IDENTIFIER = "swift-tk.ChatApp-SampleTests";
				PRODUCT_NAME = "$(TARGET_NAME)";
				SWIFT_EMIT_LOC_STRINGS = NO;
				SWIFT_VERSION = 5.0;
				TARGETED_DEVICE_FAMILY = "1,2";
				TEST_HOST = "$(BUILT_PRODUCTS_DIR)/ChatApp-Sample.app/ChatApp-Sample";
			};
			name = Debug;
		};
		B4FA74A62817B6F70097AD1C /* Release */ = {
			isa = XCBuildConfiguration;
			buildSettings = {
				ALWAYS_EMBED_SWIFT_STANDARD_LIBRARIES = YES;
				BUNDLE_LOADER = "$(TEST_HOST)";
				CODE_SIGN_STYLE = Automatic;
				CURRENT_PROJECT_VERSION = 1;
				GENERATE_INFOPLIST_FILE = YES;
				IPHONEOS_DEPLOYMENT_TARGET = 15.2;
				MARKETING_VERSION = 1.0;
				PRODUCT_BUNDLE_IDENTIFIER = "swift-tk.ChatApp-SampleTests";
				PRODUCT_NAME = "$(TARGET_NAME)";
				SWIFT_EMIT_LOC_STRINGS = NO;
				SWIFT_VERSION = 5.0;
				TARGETED_DEVICE_FAMILY = "1,2";
				TEST_HOST = "$(BUILT_PRODUCTS_DIR)/ChatApp-Sample.app/ChatApp-Sample";
			};
			name = Release;
		};
		B4FA74A82817B6F70097AD1C /* Debug */ = {
			isa = XCBuildConfiguration;
			buildSettings = {
				ALWAYS_EMBED_SWIFT_STANDARD_LIBRARIES = YES;
				CODE_SIGN_STYLE = Automatic;
				CURRENT_PROJECT_VERSION = 1;
				GENERATE_INFOPLIST_FILE = YES;
				MARKETING_VERSION = 1.0;
				PRODUCT_BUNDLE_IDENTIFIER = "swift-tk.ChatApp-SampleUITests";
				PRODUCT_NAME = "$(TARGET_NAME)";
				SWIFT_EMIT_LOC_STRINGS = NO;
				SWIFT_VERSION = 5.0;
				TARGETED_DEVICE_FAMILY = "1,2";
				TEST_TARGET_NAME = "ChatApp-Sample";
			};
			name = Debug;
		};
		B4FA74A92817B6F70097AD1C /* Release */ = {
			isa = XCBuildConfiguration;
			buildSettings = {
				ALWAYS_EMBED_SWIFT_STANDARD_LIBRARIES = YES;
				CODE_SIGN_STYLE = Automatic;
				CURRENT_PROJECT_VERSION = 1;
				GENERATE_INFOPLIST_FILE = YES;
				MARKETING_VERSION = 1.0;
				PRODUCT_BUNDLE_IDENTIFIER = "swift-tk.ChatApp-SampleUITests";
				PRODUCT_NAME = "$(TARGET_NAME)";
				SWIFT_EMIT_LOC_STRINGS = NO;
				SWIFT_VERSION = 5.0;
				TARGETED_DEVICE_FAMILY = "1,2";
				TEST_TARGET_NAME = "ChatApp-Sample";
			};
			name = Release;
		};
/* End XCBuildConfiguration section */

/* Begin XCConfigurationList section */
		B4FA74722817B6F30097AD1C /* Build configuration list for PBXProject "ChatApp-Sample" */ = {
			isa = XCConfigurationList;
			buildConfigurations = (
				B4FA749F2817B6F70097AD1C /* Debug */,
				B4FA74A02817B6F70097AD1C /* Release */,
			);
			defaultConfigurationIsVisible = 0;
			defaultConfigurationName = Release;
		};
		B4FA74A12817B6F70097AD1C /* Build configuration list for PBXNativeTarget "ChatApp-Sample" */ = {
			isa = XCConfigurationList;
			buildConfigurations = (
				B4FA74A22817B6F70097AD1C /* Debug */,
				B4FA74A32817B6F70097AD1C /* Release */,
			);
			defaultConfigurationIsVisible = 0;
			defaultConfigurationName = Release;
		};
		B4FA74A42817B6F70097AD1C /* Build configuration list for PBXNativeTarget "ChatApp-SampleTests" */ = {
			isa = XCConfigurationList;
			buildConfigurations = (
				B4FA74A52817B6F70097AD1C /* Debug */,
				B4FA74A62817B6F70097AD1C /* Release */,
			);
			defaultConfigurationIsVisible = 0;
			defaultConfigurationName = Release;
		};
		B4FA74A72817B6F70097AD1C /* Build configuration list for PBXNativeTarget "ChatApp-SampleUITests" */ = {
			isa = XCConfigurationList;
			buildConfigurations = (
				B4FA74A82817B6F70097AD1C /* Debug */,
				B4FA74A92817B6F70097AD1C /* Release */,
			);
			defaultConfigurationIsVisible = 0;
			defaultConfigurationName = Release;
		};
/* End XCConfigurationList section */

/* Begin XCRemoteSwiftPackageReference section */
		B4FA74AA2817B74A0097AD1C /* XCRemoteSwiftPackageReference "PKHUD" */ = {
			isa = XCRemoteSwiftPackageReference;
			repositoryURL = "https://github.com/pkluz/PKHUD";
			requirement = {
				branch = master;
				kind = branch;
			};
		};
		B4FA74AD2817B75A0097AD1C /* XCRemoteSwiftPackageReference "Nuke" */ = {
			isa = XCRemoteSwiftPackageReference;
			repositoryURL = "https://github.com/kean/Nuke";
			requirement = {
				branch = master;
				kind = branch;
			};
		};
		B4FA74B12817B9C90097AD1C /* XCRemoteSwiftPackageReference "firebase-ios-sdk" */ = {
			isa = XCRemoteSwiftPackageReference;
			repositoryURL = "https://github.com/firebase/firebase-ios-sdk.git";
			requirement = {
				kind = upToNextMajorVersion;
				minimumVersion = 8.0.0;
			};
		};
/* End XCRemoteSwiftPackageReference section */

/* Begin XCSwiftPackageProductDependency section */
		B4FA74AB2817B74A0097AD1C /* PKHUD */ = {
			isa = XCSwiftPackageProductDependency;
			package = B4FA74AA2817B74A0097AD1C /* XCRemoteSwiftPackageReference "PKHUD" */;
			productName = PKHUD;
		};
		B4FA74AE2817B75A0097AD1C /* Nuke */ = {
			isa = XCSwiftPackageProductDependency;
			package = B4FA74AD2817B75A0097AD1C /* XCRemoteSwiftPackageReference "Nuke" */;
			productName = Nuke;
		};
		B4FA74B22817B9C90097AD1C /* FirebaseAnalytics */ = {
			isa = XCSwiftPackageProductDependency;
			package = B4FA74B12817B9C90097AD1C /* XCRemoteSwiftPackageReference "firebase-ios-sdk" */;
			productName = FirebaseAnalytics;
		};
		B4FA74B42817B9C90097AD1C /* FirebaseAnalyticsSwift-Beta */ = {
			isa = XCSwiftPackageProductDependency;
			package = B4FA74B12817B9C90097AD1C /* XCRemoteSwiftPackageReference "firebase-ios-sdk" */;
			productName = "FirebaseAnalyticsSwift-Beta";
		};
		B4FA74B62817B9C90097AD1C /* FirebaseAnalyticsWithoutAdIdSupport */ = {
			isa = XCSwiftPackageProductDependency;
			package = B4FA74B12817B9C90097AD1C /* XCRemoteSwiftPackageReference "firebase-ios-sdk" */;
			productName = FirebaseAnalyticsWithoutAdIdSupport;
		};
		B4FA74B82817B9C90097AD1C /* FirebaseAppCheck */ = {
			isa = XCSwiftPackageProductDependency;
			package = B4FA74B12817B9C90097AD1C /* XCRemoteSwiftPackageReference "firebase-ios-sdk" */;
			productName = FirebaseAppCheck;
		};
		B4FA74BA2817B9C90097AD1C /* FirebaseAppDistribution-Beta */ = {
			isa = XCSwiftPackageProductDependency;
			package = B4FA74B12817B9C90097AD1C /* XCRemoteSwiftPackageReference "firebase-ios-sdk" */;
			productName = "FirebaseAppDistribution-Beta";
		};
		B4FA74BC2817B9C90097AD1C /* FirebaseAuth */ = {
			isa = XCSwiftPackageProductDependency;
			package = B4FA74B12817B9C90097AD1C /* XCRemoteSwiftPackageReference "firebase-ios-sdk" */;
			productName = FirebaseAuth;
		};
		B4FA74BE2817B9C90097AD1C /* FirebaseAuthCombine-Community */ = {
			isa = XCSwiftPackageProductDependency;
			package = B4FA74B12817B9C90097AD1C /* XCRemoteSwiftPackageReference "firebase-ios-sdk" */;
			productName = "FirebaseAuthCombine-Community";
		};
		B4FA74C02817B9C90097AD1C /* FirebaseCrashlytics */ = {
			isa = XCSwiftPackageProductDependency;
			package = B4FA74B12817B9C90097AD1C /* XCRemoteSwiftPackageReference "firebase-ios-sdk" */;
			productName = FirebaseCrashlytics;
		};
		B4FA74C22817B9C90097AD1C /* FirebaseDatabase */ = {
			isa = XCSwiftPackageProductDependency;
			package = B4FA74B12817B9C90097AD1C /* XCRemoteSwiftPackageReference "firebase-ios-sdk" */;
			productName = FirebaseDatabase;
		};
		B4FA74C42817B9C90097AD1C /* FirebaseDatabaseSwift-Beta */ = {
			isa = XCSwiftPackageProductDependency;
			package = B4FA74B12817B9C90097AD1C /* XCRemoteSwiftPackageReference "firebase-ios-sdk" */;
			productName = "FirebaseDatabaseSwift-Beta";
		};
		B4FA74C62817B9C90097AD1C /* FirebaseDynamicLinks */ = {
			isa = XCSwiftPackageProductDependency;
			package = B4FA74B12817B9C90097AD1C /* XCRemoteSwiftPackageReference "firebase-ios-sdk" */;
			productName = FirebaseDynamicLinks;
		};
		B4FA74C82817B9C90097AD1C /* FirebaseFirestore */ = {
			isa = XCSwiftPackageProductDependency;
			package = B4FA74B12817B9C90097AD1C /* XCRemoteSwiftPackageReference "firebase-ios-sdk" */;
			productName = FirebaseFirestore;
		};
		B4FA74CA2817B9C90097AD1C /* FirebaseFirestoreCombine-Community */ = {
			isa = XCSwiftPackageProductDependency;
			package = B4FA74B12817B9C90097AD1C /* XCRemoteSwiftPackageReference "firebase-ios-sdk" */;
			productName = "FirebaseFirestoreCombine-Community";
		};
		B4FA74CC2817B9C90097AD1C /* FirebaseFirestoreSwift-Beta */ = {
			isa = XCSwiftPackageProductDependency;
			package = B4FA74B12817B9C90097AD1C /* XCRemoteSwiftPackageReference "firebase-ios-sdk" */;
			productName = "FirebaseFirestoreSwift-Beta";
		};
		B4FA74CE2817B9C90097AD1C /* FirebaseFunctions */ = {
			isa = XCSwiftPackageProductDependency;
			package = B4FA74B12817B9C90097AD1C /* XCRemoteSwiftPackageReference "firebase-ios-sdk" */;
			productName = FirebaseFunctions;
		};
		B4FA74D02817B9C90097AD1C /* FirebaseFunctionsCombine-Community */ = {
			isa = XCSwiftPackageProductDependency;
			package = B4FA74B12817B9C90097AD1C /* XCRemoteSwiftPackageReference "firebase-ios-sdk" */;
			productName = "FirebaseFunctionsCombine-Community";
		};
		B4FA74D22817B9C90097AD1C /* FirebaseFunctionsSwift-Beta */ = {
			isa = XCSwiftPackageProductDependency;
			package = B4FA74B12817B9C90097AD1C /* XCRemoteSwiftPackageReference "firebase-ios-sdk" */;
			productName = "FirebaseFunctionsSwift-Beta";
		};
		B4FA74D42817B9C90097AD1C /* FirebaseInAppMessaging-Beta */ = {
			isa = XCSwiftPackageProductDependency;
			package = B4FA74B12817B9C90097AD1C /* XCRemoteSwiftPackageReference "firebase-ios-sdk" */;
			productName = "FirebaseInAppMessaging-Beta";
		};
		B4FA74D62817B9C90097AD1C /* FirebaseInAppMessagingSwift-Beta */ = {
			isa = XCSwiftPackageProductDependency;
			package = B4FA74B12817B9C90097AD1C /* XCRemoteSwiftPackageReference "firebase-ios-sdk" */;
			productName = "FirebaseInAppMessagingSwift-Beta";
		};
		B4FA74D82817B9CA0097AD1C /* FirebaseInstallations */ = {
			isa = XCSwiftPackageProductDependency;
			package = B4FA74B12817B9C90097AD1C /* XCRemoteSwiftPackageReference "firebase-ios-sdk" */;
			productName = FirebaseInstallations;
		};
		B4FA74DA2817B9CA0097AD1C /* FirebaseMLModelDownloader */ = {
			isa = XCSwiftPackageProductDependency;
			package = B4FA74B12817B9C90097AD1C /* XCRemoteSwiftPackageReference "firebase-ios-sdk" */;
			productName = FirebaseMLModelDownloader;
		};
		B4FA74DC2817B9CA0097AD1C /* FirebaseMessaging */ = {
			isa = XCSwiftPackageProductDependency;
			package = B4FA74B12817B9C90097AD1C /* XCRemoteSwiftPackageReference "firebase-ios-sdk" */;
			productName = FirebaseMessaging;
		};
		B4FA74DE2817B9CA0097AD1C /* FirebasePerformance */ = {
			isa = XCSwiftPackageProductDependency;
			package = B4FA74B12817B9C90097AD1C /* XCRemoteSwiftPackageReference "firebase-ios-sdk" */;
			productName = FirebasePerformance;
		};
		B4FA74E02817B9CA0097AD1C /* FirebaseRemoteConfig */ = {
			isa = XCSwiftPackageProductDependency;
			package = B4FA74B12817B9C90097AD1C /* XCRemoteSwiftPackageReference "firebase-ios-sdk" */;
			productName = FirebaseRemoteConfig;
		};
		B4FA74E22817B9CA0097AD1C /* FirebaseRemoteConfigSwift-Beta */ = {
			isa = XCSwiftPackageProductDependency;
			package = B4FA74B12817B9C90097AD1C /* XCRemoteSwiftPackageReference "firebase-ios-sdk" */;
			productName = "FirebaseRemoteConfigSwift-Beta";
		};
		B4FA74E42817B9CA0097AD1C /* FirebaseStorage */ = {
			isa = XCSwiftPackageProductDependency;
			package = B4FA74B12817B9C90097AD1C /* XCRemoteSwiftPackageReference "firebase-ios-sdk" */;
			productName = FirebaseStorage;
		};
		B4FA74E62817B9CA0097AD1C /* FirebaseStorageCombine-Community */ = {
			isa = XCSwiftPackageProductDependency;
			package = B4FA74B12817B9C90097AD1C /* XCRemoteSwiftPackageReference "firebase-ios-sdk" */;
			productName = "FirebaseStorageCombine-Community";
		};
		B4FA74E82817B9CA0097AD1C /* FirebaseStorageSwift-Beta */ = {
			isa = XCSwiftPackageProductDependency;
			package = B4FA74B12817B9C90097AD1C /* XCRemoteSwiftPackageReference "firebase-ios-sdk" */;
			productName = "FirebaseStorageSwift-Beta";
		};
/* End XCSwiftPackageProductDependency section */
	};
	rootObject = B4FA746F2817B6F30097AD1C /* Project object */;
}
